version = 1
revision = 1
requires-python = ">=3.13"

[[package]]
name = "basedpyright"
version = "1.29.1"
source = { registry = "https://pypi.org/simple" }
dependencies = [
    { name = "nodejs-wheel-binaries" },
]
sdist = { url = "https://files.pythonhosted.org/packages/b9/18/f5e488eac4960ad9a2e71b95f0d91cf93a982c7f68aa90e4e0554f0bc37e/basedpyright-1.29.1.tar.gz", hash = "sha256:06bbe6c3b50ab4af20f80e154049477a50d8b81d2522eadbc9f472f2f92cd44b", size = 21773469 }
wheels = [
    { url = "https://files.pythonhosted.org/packages/95/1b/1bb837bbb7e259928f33d3c105dfef4f5349ef08b3ef45576801256e3234/basedpyright-1.29.1-py3-none-any.whl", hash = "sha256:b7eb65b9d4aaeeea29a349ac494252032a75a364942d0ac466d7f07ddeacc786", size = 11397959 },
]

[[package]]
name = "colorama"
version = "0.4.6"
source = { registry = "https://pypi.org/simple" }
sdist = { url = "https://files.pythonhosted.org/packages/d8/53/6f443c9a4a8358a93a6792e2acffb9d9d5cb0a5cfd8802644b7b1c9a02e4/colorama-0.4.6.tar.gz", hash = "sha256:08695f5cb7ed6e0531a20572697297273c47b8cae5a63ffc6d6ed5c201be6e44", size = 27697 }
wheels = [
    { url = "https://files.pythonhosted.org/packages/d1/d6/3965ed04c63042e047cb6a3e6ed1a63a35087b6a609aa3a15ed8ac56c221/colorama-0.4.6-py2.py3-none-any.whl", hash = "sha256:4f1d9991f5acc0ca119f9d443620b77f9d6b33703e51011c16baf57afb285fc6", size = 25335 },
]

[[package]]
name = "edon"
version = "0.1.0"
source = { editable = "." }
dependencies = [
    { name = "loguru" },
    { name = "pyside6" },
    { name = "qtawesome" },
]

[package.dev-dependencies]
dev = [
    { name = "basedpyright" },
    { name = "ruff" },
    { name = "ty" },
]

[package.metadata]
requires-dist = [
    { name = "loguru", specifier = ">=0.7.3" },
    { name = "pyside6", specifier = ">=6.9.0" },
    { name = "qtawesome", specifier = ">=1.4.0" },
]

[package.metadata.requires-dev]
dev = [
    { name = "basedpyright", specifier = ">=1.29.1" },
    { name = "ruff", specifier = ">=0.11.10" },
    { name = "ty", specifier = ">=0.0.1a6" },
]

[[package]]
name = "loguru"
version = "0.7.3"
source = { registry = "https://pypi.org/simple" }
dependencies = [
    { name = "colorama", marker = "sys_platform == 'win32'" },
    { name = "win32-setctime", marker = "sys_platform == 'win32'" },
]
sdist = { url = "https://files.pythonhosted.org/packages/3a/05/a1dae3dffd1116099471c643b8924f5aa6524411dc6c63fdae648c4f1aca/loguru-0.7.3.tar.gz", hash = "sha256:19480589e77d47b8d85b2c827ad95d49bf31b0dcde16593892eb51dd18706eb6", size = 63559 }
wheels = [
    { url = "https://files.pythonhosted.org/packages/0c/29/0348de65b8cc732daa3e33e67806420b2ae89bdce2b04af740289c5c6c8c/loguru-0.7.3-py3-none-any.whl", hash = "sha256:31a33c10c8e1e10422bfd431aeb5d351c7cf7fa671e3c4df004162264b28220c", size = 61595 },
]

[[package]]
name = "nodejs-wheel-binaries"
version = "22.15.0"
source = { registry = "https://pypi.org/simple" }
sdist = { url = "https://files.pythonhosted.org/packages/45/5b/6c5f973765b96793d4e4d03684bcbd273b17e471ecc7e9bec4c32b595ebd/nodejs_wheel_binaries-22.15.0.tar.gz", hash = "sha256:ff81aa2a79db279c2266686ebcb829b6634d049a5a49fc7dc6921e4f18af9703", size = 8054 }
wheels = [
    { url = "https://files.pythonhosted.org/packages/d3/a8/a32e5bb99e95c536e7dac781cffab1e7e9f8661b8ee296b93df77e4df7f9/nodejs_wheel_binaries-22.15.0-py2.py3-none-macosx_11_0_arm64.whl", hash = "sha256:aa16366d48487fff89446fb237693e777aa2ecd987208db7d4e35acc40c3e1b1", size = 50514526 },
    { url = "https://files.pythonhosted.org/packages/05/e8/eb024dbb3a7d3b98c8922d1c306be989befad4d2132292954cb902f43b07/nodejs_wheel_binaries-22.15.0-py2.py3-none-macosx_11_0_x86_64.whl", hash = "sha256:a54bb3fee9170003fa8abc69572d819b2b1540344eff78505fcc2129a9175596", size = 51409179 },
    { url = "https://files.pythonhosted.org/packages/3f/0f/baa968456c3577e45c7d0e3715258bd175dcecc67b683a41a5044d5dae40/nodejs_wheel_binaries-22.15.0-py2.py3-none-manylinux_2_17_aarch64.manylinux2014_aarch64.whl", hash = "sha256:867121ccf99d10523f6878a26db86e162c4939690e24cfb5bea56d01ea696c93", size = 57364460 },
    { url = "https://files.pythonhosted.org/packages/2f/a2/977f63cd07ed8fc27bc0d0cd72e801fc3691ffc8cd40a51496ff18a6d0a2/nodejs_wheel_binaries-22.15.0-py2.py3-none-manylinux_2_17_x86_64.manylinux2014_x86_64.whl", hash = "sha256:0ab0fbcda2ddc8aab7db1505d72cb958f99324b3834c4543541a305e02bfe860", size = 57889101 },
    { url = "https://files.pythonhosted.org/packages/67/7f/57b9c24a4f0d25490527b043146aa0fdff2d8fdc82f90667cdaf6f00cfc9/nodejs_wheel_binaries-22.15.0-py2.py3-none-musllinux_1_2_aarch64.whl", hash = "sha256:2bde1d8e00cd955b9ce9ee9ac08309923e2778a790ee791b715e93e487e74bfd", size = 59190817 },
    { url = "https://files.pythonhosted.org/packages/fd/7f/970acbe33b81c22b3c7928f52e32347030aa46d23d779cf781cf9a9cf557/nodejs_wheel_binaries-22.15.0-py2.py3-none-musllinux_1_2_x86_64.whl", hash = "sha256:acdd4ef73b6701aab9fbe02ac5e104f208a5e3c300402fa41ad7bc7f49499fbf", size = 60220316 },
    { url = "https://files.pythonhosted.org/packages/07/4c/030243c04bb60f0de66c2d7ee3be289c6d28ef09113c06ffa417bdfedf8f/nodejs_wheel_binaries-22.15.0-py2.py3-none-win_amd64.whl", hash = "sha256:51deaf13ee474e39684ce8c066dfe86240edb94e7241950ca789befbbbcbd23d", size = 40718853 },
    { url = "https://files.pythonhosted.org/packages/1f/49/011d472814af4fabeaab7d7ce3d5a1a635a3dadc23ae404d1f546839ecb3/nodejs_wheel_binaries-22.15.0-py2.py3-none-win_arm64.whl", hash = "sha256:01a3fe4d60477f93bf21a44219db33548c75d7fed6dc6e6f4c05cf0adf015609", size = 36436645 },
]

[[package]]
name = "packaging"
version = "25.0"
source = { registry = "https://pypi.org/simple" }
sdist = { url = "https://files.pythonhosted.org/packages/a1/d4/1fc4078c65507b51b96ca8f8c3ba19e6a61c8253c72794544580a7b6c24d/packaging-25.0.tar.gz", hash = "sha256:d443872c98d677bf60f6a1f2f8c1cb748e8fe762d2bf9d3148b5599295b0fc4f", size = 165727 }
wheels = [
    { url = "https://files.pythonhosted.org/packages/20/12/38679034af332785aac8774540895e234f4d07f7545804097de4b666afd8/packaging-25.0-py3-none-any.whl", hash = "sha256:29572ef2b1f17581046b3a2227d5c611fb25ec70ca1ba8554b24b0e69331a484", size = 66469 },
]

[[package]]
name = "pyside6"
version = "6.9.0"
source = { registry = "https://pypi.org/simple" }
dependencies = [
    { name = "pyside6-addons" },
    { name = "pyside6-essentials" },
    { name = "shiboken6" },
]
wheels = [
    { url = "https://files.pythonhosted.org/packages/46/74/0b465aa77644cfc3bfde912bb999b5a441d92c699272cab722335e92df3e/PySide6-6.9.0-cp39-abi3-macosx_12_0_universal2.whl", hash = "sha256:b8f286a1bd143f3b2bdf08367b9362b13f469d26986c25700af9c4c68f79213e", size = 558001 },
    { url = "https://files.pythonhosted.org/packages/91/53/ce78d2c279a4ed7d4baf5089a5ebff45d675670a42daa5e0f8dbb9ced6ed/PySide6-6.9.0-cp39-abi3-manylinux_2_28_x86_64.whl", hash = "sha256:09239d1b808f18efccd3803db874d683917efcdebfdf0e8dec449cf50e74e7aa", size = 558139 },
    { url = "https://files.pythonhosted.org/packages/4b/54/41d6ab0847c043f1fd96433a87ffd09a7cf17e11f5587e91e152777ec010/PySide6-6.9.0-cp39-abi3-manylinux_2_39_aarch64.whl", hash = "sha256:1a176409dd0dd12b72d2c78b776e5051f569071ec52b7aaadd0a5b3333493c24", size = 558139 },
    { url = "https://files.pythonhosted.org/packages/63/03/55a632191beadd6bc59b04055961e2c3224a3475a906a63d1899a5ab493d/PySide6-6.9.0-cp39-abi3-win_amd64.whl", hash = "sha256:0103e5d161696db40d75bfbf4e4b7d4f3372903c1b400c4e3379377b62c50290", size = 564479 },
    { url = "https://files.pythonhosted.org/packages/e8/80/340523ecb17d2a168d7e37dfd8a7a0eebb81dcbec4870447f132f2a1a28e/PySide6-6.9.0-cp39-abi3-win_arm64.whl", hash = "sha256:846fbccf0b3501eb31cf0791a46e137615efba6ce540da2b426d79fa3e7762c4", size = 401752 },
]

[[package]]
name = "pyside6-addons"
version = "6.9.0"
source = { registry = "https://pypi.org/simple" }
dependencies = [
    { name = "pyside6-essentials" },
    { name = "shiboken6" },
]
wheels = [
    { url = "https://files.pythonhosted.org/packages/e8/a4/211077b3f30342827b2c543f80a5f6bc483ff3af6be99766984618e68fb6/PySide6_Addons-6.9.0-cp39-abi3-macosx_12_0_universal2.whl", hash = "sha256:98f9ad4b65820736e12d49c18db2e570eac63727407fbb59a62ac753e89dc201", size = 315606763 },
    { url = "https://files.pythonhosted.org/packages/58/c1/21224090a7ee7e9ce5699e5bf16b84d576b7587f0712ccb6862a8b28476c/PySide6_Addons-6.9.0-cp39-abi3-manylinux_2_28_x86_64.whl", hash = "sha256:fc9dcd63a0ce7565f238cb11c44494435a50eb6cb72b8dbce3b709618989c3dc", size = 166252767 },
    { url = "https://files.pythonhosted.org/packages/85/c3/add4948cf15648db542531a5c292f9de946ee288243730be7607499936ec/PySide6_Addons-6.9.0-cp39-abi3-manylinux_2_39_aarch64.whl", hash = "sha256:d8a650644e0b9d1e7a092f6bcd11f25a63706d12f77d442b6ace75d346ab5d30", size = 161938789 },
    { url = "https://files.pythonhosted.org/packages/77/c0/b1718f62d1fcc9bac4c410d4150d7e1214235e73cc18f39dc36ad49f093f/PySide6_Addons-6.9.0-cp39-abi3-win_amd64.whl", hash = "sha256:8cf54065b3d1b4698448fad825378a25c10ef52017d9dff48cead03200636d8d", size = 142994491 },
    { url = "https://files.pythonhosted.org/packages/29/aa/810ceb3d111fa6a0cc865520e05198dd0cad4855558c8c8309d4d3852854/PySide6_Addons-6.9.0-cp39-abi3-win_arm64.whl", hash = "sha256:260a56da59539f476c1635a3ff13591e10f1b04d92155c0617129bc53ca8b5f8", size = 26840861 },
]

[[package]]
name = "pyside6-essentials"
version = "6.9.0"
source = { registry = "https://pypi.org/simple" }
dependencies = [
    { name = "shiboken6" },
]
wheels = [
    { url = "https://files.pythonhosted.org/packages/98/ac/a3c8097d6fdcf414d961bdc0d532381d0ee141e4c699f5e2b881a7c3613f/PySide6_Essentials-6.9.0-cp39-abi3-macosx_12_0_universal2.whl", hash = "sha256:b18e3e01b507e8a57481fe19792eb373d5f10a23a50702ce540da1435e722f39", size = 131981893 },
    { url = "https://files.pythonhosted.org/packages/9e/fd/46b713827007162de9108b22d01702868e75f31585da7eca5a79e3435590/PySide6_Essentials-6.9.0-cp39-abi3-manylinux_2_28_x86_64.whl", hash = "sha256:45eaf7f17688d1991f39680dbfd3c41674f3cbb78f278aa10fe0b5f2f31c1989", size = 94232483 },
    { url = "https://files.pythonhosted.org/packages/ff/f1/72e1d400017a658e271594c8bd9c447c623dfd4fb936f4e043a4f9a8c93b/PySide6_Essentials-6.9.0-cp39-abi3-manylinux_2_39_aarch64.whl", hash = "sha256:69aedfad77119c5bec0005ca31d5620e9bac8ba5ae66c7389160530cfd698ed8", size = 92102516 },
    { url = "https://files.pythonhosted.org/packages/96/8a/bc710350c4cf6894968e39970eaa613b85a82eb1f230052de597e44a00ac/PySide6_Essentials-6.9.0-cp39-abi3-win_amd64.whl", hash = "sha256:94a0096d6bb1d3e5cef29ca4a5366d0f229d42480fbb17aa25ad85d72b1b7947", size = 72336994 },
    { url = "https://files.pythonhosted.org/packages/49/a4/703e379a0979985f681cf04b9af4129f5dde20141b3cc64fc2a39d006614/PySide6_Essentials-6.9.0-cp39-abi3-win_arm64.whl", hash = "sha256:d2dc45536f2269ad111991042e81257124f1cd1c9ed5ea778d7224fd65dc9e2b", size = 49449220 },
]

[[package]]
name = "qtawesome"
version = "1.4.0"
source = { registry = "https://pypi.org/simple" }
dependencies = [
    { name = "qtpy" },
]
sdist = { url = "https://files.pythonhosted.org/packages/56/57/2f6c402b4cd91a58fd378a5f36be6b5855cf43dc25f77f581e2612e6d558/qtawesome-1.4.0.tar.gz", hash = "sha256:783e414d1317f3e978bf67ea8e8a1b1498bad9dbd305dec814027e3b50521be6", size = 2614365 }
wheels = [
    { url = "https://files.pythonhosted.org/packages/a5/ee/6e6c6715129c929af2d95ddb2e9decf54c1beffe58f336911197aacc0448/qtawesome-1.4.0-py3-none-any.whl", hash = "sha256:a4d689fa071c595aa6184171ce1f0f847677cb8d2db45382c43129f1d72a3d93", size = 2595296 },
]

[[package]]
name = "qtpy"
version = "2.4.3"
source = { registry = "https://pypi.org/simple" }
dependencies = [
    { name = "packaging" },
]
sdist = { url = "https://files.pythonhosted.org/packages/70/01/392eba83c8e47b946b929d7c46e0f04b35e9671f8bb6fc36b6f7945b4de8/qtpy-2.4.3.tar.gz", hash = "sha256:db744f7832e6d3da90568ba6ccbca3ee2b3b4a890c3d6fbbc63142f6e4cdf5bb", size = 66982 }
wheels = [
    { url = "https://files.pythonhosted.org/packages/69/76/37c0ccd5ab968a6a438f9c623aeecc84c202ab2fabc6a8fd927580c15b5a/QtPy-2.4.3-py3-none-any.whl", hash = "sha256:72095afe13673e017946cc258b8d5da43314197b741ed2890e563cf384b51aa1", size = 95045 },
]

[[package]]
name = "ruff"
version = "0.11.10"
source = { registry = "https://pypi.org/simple" }
sdist = { url = "https://files.pythonhosted.org/packages/e8/4c/4a3c5a97faaae6b428b336dcca81d03ad04779f8072c267ad2bd860126bf/ruff-0.11.10.tar.gz", hash = "sha256:d522fb204b4959909ecac47da02830daec102eeb100fb50ea9554818d47a5fa6", size = 4165632 }
wheels = [
    { url = "https://files.pythonhosted.org/packages/2f/9f/596c628f8824a2ce4cd12b0f0b4c0629a62dfffc5d0f742c19a1d71be108/ruff-0.11.10-py3-none-linux_armv6l.whl", hash = "sha256:859a7bfa7bc8888abbea31ef8a2b411714e6a80f0d173c2a82f9041ed6b50f58", size = 10316243 },
    { url = "https://files.pythonhosted.org/packages/3c/38/c1e0b77ab58b426f8c332c1d1d3432d9fc9a9ea622806e208220cb133c9e/ruff-0.11.10-py3-none-macosx_10_12_x86_64.whl", hash = "sha256:968220a57e09ea5e4fd48ed1c646419961a0570727c7e069842edd018ee8afed", size = 11083636 },
    { url = "https://files.pythonhosted.org/packages/23/41/b75e15961d6047d7fe1b13886e56e8413be8467a4e1be0a07f3b303cd65a/ruff-0.11.10-py3-none-macosx_11_0_arm64.whl", hash = "sha256:1067245bad978e7aa7b22f67113ecc6eb241dca0d9b696144256c3a879663bca", size = 10441624 },
    { url = "https://files.pythonhosted.org/packages/b6/2c/e396b6703f131406db1811ea3d746f29d91b41bbd43ad572fea30da1435d/ruff-0.11.10-py3-none-manylinux_2_17_aarch64.manylinux2014_aarch64.whl", hash = "sha256:f4854fd09c7aed5b1590e996a81aeff0c9ff51378b084eb5a0b9cd9518e6cff2", size = 10624358 },
    { url = "https://files.pythonhosted.org/packages/bd/8c/ee6cca8bdaf0f9a3704796022851a33cd37d1340bceaf4f6e991eb164e2e/ruff-0.11.10-py3-none-manylinux_2_17_armv7l.manylinux2014_armv7l.whl", hash = "sha256:8b4564e9f99168c0f9195a0fd5fa5928004b33b377137f978055e40008a082c5", size = 10176850 },
    { url = "https://files.pythonhosted.org/packages/e9/ce/4e27e131a434321b3b7c66512c3ee7505b446eb1c8a80777c023f7e876e6/ruff-0.11.10-py3-none-manylinux_2_17_i686.manylinux2014_i686.whl", hash = "sha256:5b6a9cc5b62c03cc1fea0044ed8576379dbaf751d5503d718c973d5418483641", size = 11759787 },
    { url = "https://files.pythonhosted.org/packages/58/de/1e2e77fc72adc7cf5b5123fd04a59ed329651d3eab9825674a9e640b100b/ruff-0.11.10-py3-none-manylinux_2_17_ppc64.manylinux2014_ppc64.whl", hash = "sha256:607ecbb6f03e44c9e0a93aedacb17b4eb4f3563d00e8b474298a201622677947", size = 12430479 },
    { url = "https://files.pythonhosted.org/packages/07/ed/af0f2340f33b70d50121628ef175523cc4c37619e98d98748c85764c8d88/ruff-0.11.10-py3-none-manylinux_2_17_ppc64le.manylinux2014_ppc64le.whl", hash = "sha256:7b3a522fa389402cd2137df9ddefe848f727250535c70dafa840badffb56b7a4", size = 11919760 },
    { url = "https://files.pythonhosted.org/packages/24/09/d7b3d3226d535cb89234390f418d10e00a157b6c4a06dfbe723e9322cb7d/ruff-0.11.10-py3-none-manylinux_2_17_s390x.manylinux2014_s390x.whl", hash = "sha256:2f071b0deed7e9245d5820dac235cbdd4ef99d7b12ff04c330a241ad3534319f", size = 14041747 },
    { url = "https://files.pythonhosted.org/packages/62/b3/a63b4e91850e3f47f78795e6630ee9266cb6963de8f0191600289c2bb8f4/ruff-0.11.10-py3-none-manylinux_2_17_x86_64.manylinux2014_x86_64.whl", hash = "sha256:4a60e3a0a617eafba1f2e4186d827759d65348fa53708ca547e384db28406a0b", size = 11550657 },
    { url = "https://files.pythonhosted.org/packages/46/63/a4f95c241d79402ccdbdb1d823d156c89fbb36ebfc4289dce092e6c0aa8f/ruff-0.11.10-py3-none-musllinux_1_2_aarch64.whl", hash = "sha256:da8ec977eaa4b7bf75470fb575bea2cb41a0e07c7ea9d5a0a97d13dbca697bf2", size = 10489671 },
    { url = "https://files.pythonhosted.org/packages/6a/9b/c2238bfebf1e473495659c523d50b1685258b6345d5ab0b418ca3f010cd7/ruff-0.11.10-py3-none-musllinux_1_2_armv7l.whl", hash = "sha256:ddf8967e08227d1bd95cc0851ef80d2ad9c7c0c5aab1eba31db49cf0a7b99523", size = 10160135 },
    { url = "https://files.pythonhosted.org/packages/ba/ef/ba7251dd15206688dbfba7d413c0312e94df3b31b08f5d695580b755a899/ruff-0.11.10-py3-none-musllinux_1_2_i686.whl", hash = "sha256:5a94acf798a82db188f6f36575d80609072b032105d114b0f98661e1679c9125", size = 11170179 },
    { url = "https://files.pythonhosted.org/packages/73/9f/5c336717293203ba275dbfa2ea16e49b29a9fd9a0ea8b6febfc17e133577/ruff-0.11.10-py3-none-musllinux_1_2_x86_64.whl", hash = "sha256:3afead355f1d16d95630df28d4ba17fb2cb9c8dfac8d21ced14984121f639bad", size = 11626021 },
    { url = "https://files.pythonhosted.org/packages/d9/2b/162fa86d2639076667c9aa59196c020dc6d7023ac8f342416c2f5ec4bda0/ruff-0.11.10-py3-none-win32.whl", hash = "sha256:dc061a98d32a97211af7e7f3fa1d4ca2fcf919fb96c28f39551f35fc55bdbc19", size = 10494958 },
    { url = "https://files.pythonhosted.org/packages/24/f3/66643d8f32f50a4b0d09a4832b7d919145ee2b944d43e604fbd7c144d175/ruff-0.11.10-py3-none-win_amd64.whl", hash = "sha256:5cc725fbb4d25b0f185cb42df07ab6b76c4489b4bfb740a175f3a59c70e8a224", size = 11650285 },
    { url = "https://files.pythonhosted.org/packages/95/3a/2e8704d19f376c799748ff9cb041225c1d59f3e7711bc5596c8cfdc24925/ruff-0.11.10-py3-none-win_arm64.whl", hash = "sha256:ef69637b35fb8b210743926778d0e45e1bffa850a7c61e428c6b971549b5f5d1", size = 10765278 },
]

[[package]]
name = "shiboken6"
version = "6.9.0"
source = { registry = "https://pypi.org/simple" }
wheels = [
    { url = "https://files.pythonhosted.org/packages/be/85/97b36b045a233bcea9580e8c99d5c76d65cf9727dad8cb173527f6717471/shiboken6-6.9.0-cp39-abi3-macosx_12_0_universal2.whl", hash = "sha256:c4d8e3a5907154ac4789e52c77957db95bcf584238c244d7743cb39e9b66dd26", size = 407067 },
    { url = "https://files.pythonhosted.org/packages/45/d3/f6ddef22d4f2ac11c079157ad3714d9b1fb9324d9cd3b200f824923fe2ba/shiboken6-6.9.0-cp39-abi3-manylinux_2_28_x86_64.whl", hash = "sha256:3f585caae5b814a7e23308db0a077355a7dc20c34d58ca4c339ff7625e9a1936", size = 206509 },
    { url = "https://files.pythonhosted.org/packages/0d/59/6a91aad272fe89bf2293b7864fb6e926822c93a2f6192611528c6945196d/shiboken6-6.9.0-cp39-abi3-manylinux_2_39_aarch64.whl", hash = "sha256:b61579b90bf9c53ecc174085a69429166dfe57a0b8b894f933d1281af9df6568", size = 202809 },
    { url = "https://files.pythonhosted.org/packages/e2/6e/cf00d723ab141132fb6d35ba8faf109cbc0ee83412016343600abb423149/shiboken6-6.9.0-cp39-abi3-win_amd64.whl", hash = "sha256:121ea290ed1afa5ad6abf690b377612693436292b69c61b0f8e10b1f0850f935", size = 1153132 },
    { url = "https://files.pythonhosted.org/packages/b5/01/d59babab05786c99ebabdd152864ea3d4c500160979952c620eec68b1ff2/shiboken6-6.9.0-cp39-abi3-win_arm64.whl", hash = "sha256:24f53857458881b54798d7e35704611d07f6b6885bcdf80f13a4c8bb485b8df2", size = 1831261 },
]

[[package]]
name = "ty"
version = "0.0.1a6"
source = { registry = "https://pypi.org/simple" }
sdist = { url = "https://files.pythonhosted.org/packages/df/e1/51b199bc3cfa71ef26af6a7254bd2a2e70e0f7983165666a08a1ef158bf1/ty-0.0.1a6.tar.gz", hash = "sha256:0b75642d7326c7abb7fa4a9efcc3cb818d4fa4224dab1fc8fb273c8ed02f34f2", size = 2882923 }
wheels = [
    { url = "https://files.pythonhosted.org/packages/8e/ba/1fcd0f69e13c015e4e6cc1ddaeaf3b44805cf8c67a08f2863d077a563d30/ty-0.0.1a6-py3-none-linux_armv6l.whl", hash = "sha256:c048675934f51d74f05541ad231470c0093805fae06b117634fdac4c9cba456a", size = 6209597 },
    { url = "https://files.pythonhosted.org/packages/df/16/8754d24634ddfea333d1818c981b20c929f93a7ea26235622c371068f3bf/ty-0.0.1a6-py3-none-macosx_10_12_x86_64.whl", hash = "sha256:96e14bf1dae72042a6207ea94d8f34d5175cb604d196df28012444108e6b0988", size = 6320566 },
    { url = "https://files.pythonhosted.org/packages/5a/9d/3b935a7f18f088f113cc94c72caefd34616dde87d0b08a5dfa2f696b3758/ty-0.0.1a6-py3-none-macosx_11_0_arm64.whl", hash = "sha256:568b76a20b3cf4834085bd37005d6d13b4460d3fcd001313cc1993224e965029", size = 5991132 },
    { url = "https://files.pythonhosted.org/packages/bd/26/1fb0664521b35b5b4b16c9ca56363c514994f5fda8200aef28380b08814c/ty-0.0.1a6-py3-none-manylinux_2_17_aarch64.manylinux2014_aarch64.whl", hash = "sha256:9502e4e55530643225c94d62f52cb7ab7370dca57f4ab10c36aae410642a966a", size = 6116609 },
    { url = "https://files.pythonhosted.org/packages/09/7b/9cbd5c26bd0a7e32a76e94ede53c121d7f4c0fd27027df9241bec41a17b4/ty-0.0.1a6-py3-none-manylinux_2_17_armv7l.manylinux2014_armv7l.whl", hash = "sha256:2c38c47eea702de710282f4fa38e2b08a9b2dc54db88878fa01a69340e41649d", size = 6092564 },
    { url = "https://files.pythonhosted.org/packages/92/e8/80afb960fcc410406ba63b4e7faa2cd4c4ca9a39ef45824815ae1f7d69a2/ty-0.0.1a6-py3-none-manylinux_2_17_i686.manylinux2014_i686.whl", hash = "sha256:b03f759225a8b3aca23166e2193ecae9fbe9d93c03f598ce7c66d898b5b595cd", size = 6801821 },
    { url = "https://files.pythonhosted.org/packages/09/26/0bc96499e02134f13b64e3f2b94385e0ed524b9146fef2533eee5a3752ef/ty-0.0.1a6-py3-none-manylinux_2_17_ppc64.manylinux2014_ppc64.whl", hash = "sha256:e6f458a58f52af3b3b0e42555765eb03ee158007e6fd3d395c03c44aef5412b9", size = 7192366 },
    { url = "https://files.pythonhosted.org/packages/95/85/46b890e38661f3632aba362ef2030c52c5a6ae7ba85ba4206ea4a58cd223/ty-0.0.1a6-py3-none-manylinux_2_17_ppc64le.manylinux2014_ppc64le.whl", hash = "sha256:c3b5355df3185722823645e551e2c89c17dac0026814f6f7c40515cf4c036ccc", size = 6868443 },
    { url = "https://files.pythonhosted.org/packages/d6/4a/64fd394ced367ed06dedaf0ffd74c3d6bd83b56140efced5a93b097732a9/ty-0.0.1a6-py3-none-manylinux_2_17_s390x.manylinux2014_s390x.whl", hash = "sha256:7c2a29fe5c4bcee2dce927195378d39fcc5614f3d6c22283134139ce14aefb22", size = 6765955 },
    { url = "https://files.pythonhosted.org/packages/31/09/f8152ed81b62232e1806001860fec71d55ae7f7e455e662959cf15eb06c1/ty-0.0.1a6-py3-none-manylinux_2_17_x86_64.manylinux2014_x86_64.whl", hash = "sha256:f2dac891e1b066a645c85abe68885a0ea9eb52685ea6251fdc369b2cfdab10c6", size = 6583814 },
    { url = "https://files.pythonhosted.org/packages/96/b0/f21c269e5a52a5f4975c881f724221ed58b5624cf9fc77585ee7aa12bbb9/ty-0.0.1a6-py3-none-musllinux_1_2_aarch64.whl", hash = "sha256:ab9ee318c7aa2e538213a1ecb63ecb93952a62da9532f19985994aa8ed31c085", size = 6031710 },
    { url = "https://files.pythonhosted.org/packages/11/4f/fac32f1c3906add7a5ce07558d78bcdf9f65d47d92f195ef967085f7e9db/ty-0.0.1a6-py3-none-musllinux_1_2_armv7l.whl", hash = "sha256:2731917df3d16969a39279fc2e2ad431d33fa2d2dcd73784814873c4b69a1491", size = 6115148 },
    { url = "https://files.pythonhosted.org/packages/28/d5/b2630abc0e2ebe2afc0305d5ac0b37605b72b534b4fc1894b3c2cbfb71b7/ty-0.0.1a6-py3-none-musllinux_1_2_i686.whl", hash = "sha256:b9e118763be86439bf10b934f2081425f0acdd03a0448ffd9e4bf3bd79bf7c12", size = 6505866 },
    { url = "https://files.pythonhosted.org/packages/fb/8f/8050cf23e1906cfcd03be63ad05f5ca05f6a2879b6e1bcd9dc9893cac10f/ty-0.0.1a6-py3-none-musllinux_1_2_x86_64.whl", hash = "sha256:e7f89267039d76d97e6a836540b98ae6f488d41a0e87cc00fba23210cce7704c", size = 6649270 },
    { url = "https://files.pythonhosted.org/packages/1b/37/0c190a02395179dc8bcb1371ba32e5430f338fabf51b5dd8b4d4b5618c0d/ty-0.0.1a6-py3-none-win32.whl", hash = "sha256:92120c60b7a8092685cf2ba76efcb0fa0e0230299180c834e5ef7a3d856d0028", size = 5930254 },
    { url = "https://files.pythonhosted.org/packages/22/79/13f529190ee2341d031b801ec53b2c6955e90d79f8b9159307574b9b2a2d/ty-0.0.1a6-py3-none-win_amd64.whl", hash = "sha256:76914b30b7d690582c20ca340f964585a89c5dc3f18a9f231a74b317af3a0b76", size = 6392039 },
    { url = "https://files.pythonhosted.org/packages/fc/01/e0c31f37ba0c43817f4d0093396eba29ab7144e155792222e817ed2dc3bb/ty-0.0.1a6-py3-none-win_arm64.whl", hash = "sha256:e21514d0b86b84b7808dea8fbeb5395417e3d5c8ddda24ba91b5bfeb7268385b", size = 6052034 },
]

[[package]]
name = "win32-setctime"
version = "1.2.0"
source = { registry = "https://pypi.org/simple" }
sdist = { url = "https://files.pythonhosted.org/packages/b3/8f/705086c9d734d3b663af0e9bb3d4de6578d08f46b1b101c2442fd9aecaa2/win32_setctime-1.2.0.tar.gz", hash = "sha256:ae1fdf948f5640aae05c511ade119313fb6a30d7eabe25fef9764dca5873c4c0", size = 4867 }
wheels = [
    { url = "https://files.pythonhosted.org/packages/e1/07/c6fe3ad3e685340704d314d765b7912993bcb8dc198f0e7a89382d37974b/win32_setctime-1.2.0-py3-none-any.whl", hash = "sha256:95d644c4e708aba81dc3704a116d8cbc974d70b3bdb8be1d150e36be6e9d1390", size = 4083 },
]
